
Microsoft Visual Studio Solution File, Format Version 12.00
# Visual Studio 2013
VisualStudioVersion = 12.0.40629.0
MinimumVisualStudioVersion = 10.0.40219.1
Project("{2150E333-8FDC-42A3-9474-1A3956D46DE8}") = "UI", "UI", "{C934BF80-294F-4ABC-A6C1-215D912C2BE0}"
EndProject
Project("{2150E333-8FDC-42A3-9474-1A3956D46DE8}") = "WebUI", "WebUI", "{518676A4-928C-4AFB-942A-8282AE01502A}"
EndProject
Project("{2150E333-8FDC-42A3-9474-1A3956D46DE8}") = "Data", "Data", "{73FDEE77-4377-4AD8-AE50-AD1A58C470FB}"
EndProject
Project("{FAE04EC0-301F-11D3-BF4B-00C04F79EFBC}") = "SetGenerator.Repositories", "Data\SetGenerator.Repositories.csproj", "{18BA865B-285D-4369-9067-8932AB750D30}"
EndProject
Project("{2150E333-8FDC-42A3-9474-1A3956D46DE8}") = "Service", "Service", "{6E4E32EC-26AA-4A74-8399-BD70682DB6E7}"
EndProject
Project("{FAE04EC0-301F-11D3-BF4B-00C04F79EFBC}") = "SetGenerator.Service", "Service\SetGenerator.Service.csproj", "{47C0AE07-0FAD-4AA0-AF78-A86299234BB3}"
EndProject
Project("{2150E333-8FDC-42A3-9474-1A3956D46DE8}") = "Domain", "Domain", "{F9B8B843-2C5C-4CC6-8935-1F11128F463C}"
EndProject
Project("{FAE04EC0-301F-11D3-BF4B-00C04F79EFBC}") = "SetGenerator.Domain", "Domain\Domain\SetGenerator.Domain.csproj", "{DC3EC3C4-73C9-42B7-AEF8-C043E3B250AD}"
EndProject
Project("{FAE04EC0-301F-11D3-BF4B-00C04F79EFBC}") = "SetGenerator.WebUI", "UI\WebUI\SetGenerator.WebUI.csproj", "{77BFDC48-2319-4976-BABD-93797434F8D7}"
EndProject
Project("{2150E333-8FDC-42A3-9474-1A3956D46DE8}") = "WebUI.Tests", "WebUI.Tests", "{0B0BC43E-3598-4D5C-9B86-1C495F9A049B}"
EndProject
Project("{FAE04EC0-301F-11D3-BF4B-00C04F79EFBC}") = "WebUI.Tests", "UI\WebUI.Tests\WebUI.Tests.csproj", "{A1770240-347E-418D-B55A-E297CBE31944}"
EndProject
Project("{F14B399A-7131-4C87-9E4B-1186C45EF12D}") = "WebUI.Reports", "WebUI.Reports\WebUI.Reports.rptproj", "{32877294-531A-4226-8B69-655644887993}"
EndProject
Global
	GlobalSection(SolutionConfigurationPlatforms) = preSolution
		Debug|Any CPU = Debug|Any CPU
		DebugLocal|Any CPU = DebugLocal|Any CPU
		Release|Any CPU = Release|Any CPU
	EndGlobalSection
	GlobalSection(ProjectConfigurationPlatforms) = postSolution
		{18BA865B-285D-4369-9067-8932AB750D30}.Debug|Any CPU.ActiveCfg = Debug|Any CPU
		{18BA865B-285D-4369-9067-8932AB750D30}.Debug|Any CPU.Build.0 = Debug|Any CPU
		{18BA865B-285D-4369-9067-8932AB750D30}.DebugLocal|Any CPU.ActiveCfg = Debug|Any CPU
		{18BA865B-285D-4369-9067-8932AB750D30}.DebugLocal|Any CPU.Build.0 = Debug|Any CPU
		{18BA865B-285D-4369-9067-8932AB750D30}.Release|Any CPU.ActiveCfg = Release|Any CPU
		{18BA865B-285D-4369-9067-8932AB750D30}.Release|Any CPU.Build.0 = Release|Any CPU
		{47C0AE07-0FAD-4AA0-AF78-A86299234BB3}.Debug|Any CPU.ActiveCfg = Debug|Any CPU
		{47C0AE07-0FAD-4AA0-AF78-A86299234BB3}.Debug|Any CPU.Build.0 = Debug|Any CPU
		{47C0AE07-0FAD-4AA0-AF78-A86299234BB3}.DebugLocal|Any CPU.ActiveCfg = Debug|Any CPU
		{47C0AE07-0FAD-4AA0-AF78-A86299234BB3}.DebugLocal|Any CPU.Build.0 = Debug|Any CPU
		{47C0AE07-0FAD-4AA0-AF78-A86299234BB3}.Release|Any CPU.ActiveCfg = Release|Any CPU
		{47C0AE07-0FAD-4AA0-AF78-A86299234BB3}.Release|Any CPU.Build.0 = Release|Any CPU
		{DC3EC3C4-73C9-42B7-AEF8-C043E3B250AD}.Debug|Any CPU.ActiveCfg = Debug|Any CPU
		{DC3EC3C4-73C9-42B7-AEF8-C043E3B250AD}.Debug|Any CPU.Build.0 = Debug|Any CPU
		{DC3EC3C4-73C9-42B7-AEF8-C043E3B250AD}.DebugLocal|Any CPU.ActiveCfg = Debug|Any CPU
		{DC3EC3C4-73C9-42B7-AEF8-C043E3B250AD}.DebugLocal|Any CPU.Build.0 = Debug|Any CPU
		{DC3EC3C4-73C9-42B7-AEF8-C043E3B250AD}.Release|Any CPU.ActiveCfg = Release|Any CPU
		{DC3EC3C4-73C9-42B7-AEF8-C043E3B250AD}.Release|Any CPU.Build.0 = Release|Any CPU
		{77BFDC48-2319-4976-BABD-93797434F8D7}.Debug|Any CPU.ActiveCfg = Debug|Any CPU
		{77BFDC48-2319-4976-BABD-93797434F8D7}.Debug|Any CPU.Build.0 = Debug|Any CPU
		{77BFDC48-2319-4976-BABD-93797434F8D7}.DebugLocal|Any CPU.ActiveCfg = Debug|Any CPU
		{77BFDC48-2319-4976-BABD-93797434F8D7}.DebugLocal|Any CPU.Build.0 = Debug|Any CPU
		{77BFDC48-2319-4976-BABD-93797434F8D7}.Release|Any CPU.ActiveCfg = Release|Any CPU
		{77BFDC48-2319-4976-BABD-93797434F8D7}.Release|Any CPU.Build.0 = Release|Any CPU
		{A1770240-347E-418D-B55A-E297CBE31944}.Debug|Any CPU.ActiveCfg = Debug|Any CPU
		{A1770240-347E-418D-B55A-E297CBE31944}.Debug|Any CPU.Build.0 = Debug|Any CPU
		{A1770240-347E-418D-B55A-E297CBE31944}.DebugLocal|Any CPU.ActiveCfg = Debug|Any CPU
		{A1770240-347E-418D-B55A-E297CBE31944}.DebugLocal|Any CPU.Build.0 = Debug|Any CPU
		{A1770240-347E-418D-B55A-E297CBE31944}.Release|Any CPU.ActiveCfg = Release|Any CPU
		{A1770240-347E-418D-B55A-E297CBE31944}.Release|Any CPU.Build.0 = Release|Any CPU
		{32877294-531A-4226-8B69-655644887993}.Debug|Any CPU.ActiveCfg = Debug
		{32877294-531A-4226-8B69-655644887993}.Debug|Any CPU.Build.0 = Debug
		{32877294-531A-4226-8B69-655644887993}.Debug|Any CPU.Deploy.0 = Debug
		{32877294-531A-4226-8B69-655644887993}.DebugLocal|Any CPU.ActiveCfg = DebugLocal
		{32877294-531A-4226-8B69-655644887993}.DebugLocal|Any CPU.Build.0 = DebugLocal
		{32877294-531A-4226-8B69-655644887993}.Release|Any CPU.ActiveCfg = Release
		{32877294-531A-4226-8B69-655644887993}.Release|Any CPU.Build.0 = Release
		{32877294-531A-4226-8B69-655644887993}.Release|Any CPU.Deploy.0 = Release
	EndGlobalSection
	GlobalSection(SolutionProperties) = preSolution
		HideSolutionNode = FALSE
	EndGlobalSection
	GlobalSection(NestedProjects) = preSolution
		{518676A4-928C-4AFB-942A-8282AE01502A} = {C934BF80-294F-4ABC-A6C1-215D912C2BE0}
		{18BA865B-285D-4369-9067-8932AB750D30} = {73FDEE77-4377-4AD8-AE50-AD1A58C470FB}
		{47C0AE07-0FAD-4AA0-AF78-A86299234BB3} = {6E4E32EC-26AA-4A74-8399-BD70682DB6E7}
		{DC3EC3C4-73C9-42B7-AEF8-C043E3B250AD} = {F9B8B843-2C5C-4CC6-8935-1F11128F463C}
		{77BFDC48-2319-4976-BABD-93797434F8D7} = {518676A4-928C-4AFB-942A-8282AE01502A}
		{0B0BC43E-3598-4D5C-9B86-1C495F9A049B} = {C934BF80-294F-4ABC-A6C1-215D912C2BE0}
		{A1770240-347E-418D-B55A-E297CBE31944} = {0B0BC43E-3598-4D5C-9B86-1C495F9A049B}
		{32877294-531A-4226-8B69-655644887993} = {C934BF80-294F-4ABC-A6C1-215D912C2BE0}
	EndGlobalSection
EndGlobal
